
Microsoft Visual Studio Solution File, Format Version 12.00
# Visual Studio Version 17
VisualStudioVersion = 17.5.002.0
MinimumVisualStudioVersion = 10.0.40219.1
Project("{9A19103F-16F7-4668-BE54-9A1E7A4F7556}") = "Facturacion", "Facturacion.csproj", "{29E37E3F-51AE-4A6F-9F3B-C3B09406FE00}"
EndProject
Global
	GlobalSection(SolutionConfigurationPlatforms) = preSolution
		Debug|Any CPU = Debug|Any CPU
		Release|Any CPU = Release|Any CPU
	EndGlobalSection
	GlobalSection(ProjectConfigurationPlatforms) = postSolution
		{29E37E3F-51AE-4A6F-9F3B-C3B09406FE00}.Debug|Any CPU.ActiveCfg = Debug|Any CPU
		{29E37E3F-51AE-4A6F-9F3B-C3B09406FE00}.Debug|Any CPU.Build.0 = Debug|Any CPU
		{29E37E3F-51AE-4A6F-9F3B-C3B09406FE00}.Release|Any CPU.ActiveCfg = Release|Any CPU
		{29E37E3F-51AE-4A6F-9F3B-C3B09406FE00}.Release|Any CPU.Build.0 = Release|Any CPU
	EndGlobalSection
	GlobalSection(SolutionProperties) = preSolution
		HideSolutionNode = FALSE
	EndGlobalSection
	GlobalSection(ExtensibilityGlobals) = postSolution
		SolutionGuid = {9F14A8DD-0200-4B7E-BEC9-5913B4A6120C}
	EndGlobalSection
EndGlobal
